
Microsoft Visual Studio Solution File, Format Version 12.00
# Visual Studio 15
Project("{FAE04EC0-301F-11D3-BF4B-00C04F79EFBC}") = "UniHumanoid", "UniHumanoid.csproj", "{0C7F9500-4A3D-AEFB-BD0B-4BDA45E6F2DA}"
EndProject
Project("{FAE04EC0-301F-11D3-BF4B-00C04F79EFBC}") = "VRM10.Editor", "VRM10.Editor.csproj", "{D2DE3E07-3D55-AAF3-E912-803038EDC202}"
EndProject
Project("{FAE04EC0-301F-11D3-BF4B-00C04F79EFBC}") = "UniGLTF.Editor", "UniGLTF.Editor.csproj", "{038FF466-20C3-1917-D8A7-FA1FB85400C0}"
EndProject
Project("{FAE04EC0-301F-11D3-BF4B-00C04F79EFBC}") = "UniGLTF", "UniGLTF.csproj", "{F7A83ADC-CBF4-69FD-8647-007AA710A8E0}"
EndProject
Project("{FAE04EC0-301F-11D3-BF4B-00C04F79EFBC}") = "VRM10", "VRM10.csproj", "{78769EBD-53E5-C4CA-19A4-CCF84E1331D8}"
EndProject
Project("{FAE04EC0-301F-11D3-BF4B-00C04F79EFBC}") = "Assembly-CSharp", "Assembly-CSharp.csproj", "{AD3E3AE2-2522-11BD-5FD8-1EA8159DEFDC}"
EndProject
Project("{FAE04EC0-301F-11D3-BF4B-00C04F79EFBC}") = "VrmLibTests", "VrmLibTests.csproj", "{52F3D5B7-AC4F-8F59-BEDE-464B1F3A5959}"
EndProject
Project("{FAE04EC0-301F-11D3-BF4B-00C04F79EFBC}") = "VrmLib", "VrmLib.csproj", "{2808E286-D0CE-75A0-94F2-22D7659B2EBA}"
EndProject
Project("{FAE04EC0-301F-11D3-BF4B-00C04F79EFBC}") = "UniGLTF.Tests", "UniGLTF.Tests.csproj", "{60DD5D33-8D08-7050-04AA-AA5710F1A4F4}"
EndProject
Project("{FAE04EC0-301F-11D3-BF4B-00C04F79EFBC}") = "SpringBoneJobs", "SpringBoneJobs.csproj", "{84DAD67F-D732-FE1F-4382-4BECBF11CB71}"
EndProject
Project("{FAE04EC0-301F-11D3-BF4B-00C04F79EFBC}") = "VRM10.MToon10", "VRM10.MToon10.csproj", "{BED59C95-4B41-9EE0-8BAD-D7D042C15723}"
EndProject
Project("{FAE04EC0-301F-11D3-BF4B-00C04F79EFBC}") = "UniGLTF.Utils", "UniGLTF.Utils.csproj", "{B249C170-653F-5B74-46CB-F0584227A227}"
EndProject
Project("{FAE04EC0-301F-11D3-BF4B-00C04F79EFBC}") = "Assembly-CSharp-Editor", "Assembly-CSharp-Editor.csproj", "{2B9F1BAE-D405-024D-7A4E-CEBCACEA567A}"
EndProject
Project("{FAE04EC0-301F-11D3-BF4B-00C04F79EFBC}") = "UniHumanoid.Editor", "UniHumanoid.Editor.csproj", "{27A1D6AD-0247-EE96-66A9-47594CB71363}"
EndProject
Project("{FAE04EC0-301F-11D3-BF4B-00C04F79EFBC}") = "VRM10.MToon10.Editor", "VRM10.MToon10.Editor.csproj", "{DC7EA6DA-10DD-D470-89CE-49A169345024}"
EndProject
Project("{FAE04EC0-301F-11D3-BF4B-00C04F79EFBC}") = "VRM10.Tests", "VRM10.Tests.csproj", "{61CA70FC-C637-A321-2364-8C95F68749D0}"
EndProject
Project("{FAE04EC0-301F-11D3-BF4B-00C04F79EFBC}") = "UniGLTF.UniUnlit", "UniGLTF.UniUnlit.csproj", "{2CC0E113-9427-CE37-3790-001FDD0C0C1C}"
EndProject
Project("{FAE04EC0-301F-11D3-BF4B-00C04F79EFBC}") = "UniGLTF.UniUnlit.Editor", "UniGLTF.UniUnlit.Editor.csproj", "{AA64F452-76C6-7CEA-E10E-B1AF533B93F2}"
EndProject
Project("{FAE04EC0-301F-11D3-BF4B-00C04F79EFBC}") = "VRM10.MToon10.Tests", "VRM10.MToon10.Tests.csproj", "{EB738EDA-0B6D-A274-4979-98EC6563FB67}"
EndProject
Project("{FAE04EC0-301F-11D3-BF4B-00C04F79EFBC}") = "FastSpringBone10", "FastSpringBone10.csproj", "{D375D217-A3FF-274A-EC94-285A92D57CD6}"
EndProject
Project("{FAE04EC0-301F-11D3-BF4B-00C04F79EFBC}") = "UniHumanoid.Editor.Tests", "UniHumanoid.Editor.Tests.csproj", "{FE8E3A8A-85F8-7595-BD25-CB8DCEB63A06}"
EndProject
Global
	GlobalSection(SolutionConfigurationPlatforms) = preSolution
		Debug|Any CPU = Debug|Any CPU
		Release|Any CPU = Release|Any CPU
	EndGlobalSection
	GlobalSection(ProjectConfigurationPlatforms) = postSolution
		{0C7F9500-4A3D-AEFB-BD0B-4BDA45E6F2DA}.Debug|Any CPU.ActiveCfg = Debug|Any CPU
		{0C7F9500-4A3D-AEFB-BD0B-4BDA45E6F2DA}.Debug|Any CPU.Build.0 = Debug|Any CPU
		{0C7F9500-4A3D-AEFB-BD0B-4BDA45E6F2DA}.Release|Any CPU.ActiveCfg = Release|Any CPU
		{0C7F9500-4A3D-AEFB-BD0B-4BDA45E6F2DA}.Release|Any CPU.Build.0 = Release|Any CPU
		{D2DE3E07-3D55-AAF3-E912-803038EDC202}.Debug|Any CPU.ActiveCfg = Debug|Any CPU
		{D2DE3E07-3D55-AAF3-E912-803038EDC202}.Debug|Any CPU.Build.0 = Debug|Any CPU
		{D2DE3E07-3D55-AAF3-E912-803038EDC202}.Release|Any CPU.ActiveCfg = Release|Any CPU
		{D2DE3E07-3D55-AAF3-E912-803038EDC202}.Release|Any CPU.Build.0 = Release|Any CPU
		{038FF466-20C3-1917-D8A7-FA1FB85400C0}.Debug|Any CPU.ActiveCfg = Debug|Any CPU
		{038FF466-20C3-1917-D8A7-FA1FB85400C0}.Debug|Any CPU.Build.0 = Debug|Any CPU
		{038FF466-20C3-1917-D8A7-FA1FB85400C0}.Release|Any CPU.ActiveCfg = Release|Any CPU
		{038FF466-20C3-1917-D8A7-FA1FB85400C0}.Release|Any CPU.Build.0 = Release|Any CPU
		{F7A83ADC-CBF4-69FD-8647-007AA710A8E0}.Debug|Any CPU.ActiveCfg = Debug|Any CPU
		{F7A83ADC-CBF4-69FD-8647-007AA710A8E0}.Debug|Any CPU.Build.0 = Debug|Any CPU
		{F7A83ADC-CBF4-69FD-8647-007AA710A8E0}.Release|Any CPU.ActiveCfg = Release|Any CPU
		{F7A83ADC-CBF4-69FD-8647-007AA710A8E0}.Release|Any CPU.Build.0 = Release|Any CPU
		{78769EBD-53E5-C4CA-19A4-CCF84E1331D8}.Debug|Any CPU.ActiveCfg = Debug|Any CPU
		{78769EBD-53E5-C4CA-19A4-CCF84E1331D8}.Debug|Any CPU.Build.0 = Debug|Any CPU
		{78769EBD-53E5-C4CA-19A4-CCF84E1331D8}.Release|Any CPU.ActiveCfg = Release|Any CPU
		{78769EBD-53E5-C4CA-19A4-CCF84E1331D8}.Release|Any CPU.Build.0 = Release|Any CPU
		{AD3E3AE2-2522-11BD-5FD8-1EA8159DEFDC}.Debug|Any CPU.ActiveCfg = Debug|Any CPU
		{AD3E3AE2-2522-11BD-5FD8-1EA8159DEFDC}.Debug|Any CPU.Build.0 = Debug|Any CPU
		{AD3E3AE2-2522-11BD-5FD8-1EA8159DEFDC}.Release|Any CPU.ActiveCfg = Release|Any CPU
		{AD3E3AE2-2522-11BD-5FD8-1EA8159DEFDC}.Release|Any CPU.Build.0 = Release|Any CPU
		{52F3D5B7-AC4F-8F59-BEDE-464B1F3A5959}.Debug|Any CPU.ActiveCfg = Debug|Any CPU
		{52F3D5B7-AC4F-8F59-BEDE-464B1F3A5959}.Debug|Any CPU.Build.0 = Debug|Any CPU
		{52F3D5B7-AC4F-8F59-BEDE-464B1F3A5959}.Release|Any CPU.ActiveCfg = Release|Any CPU
		{52F3D5B7-AC4F-8F59-BEDE-464B1F3A5959}.Release|Any CPU.Build.0 = Release|Any CPU
		{2808E286-D0CE-75A0-94F2-22D7659B2EBA}.Debug|Any CPU.ActiveCfg = Debug|Any CPU
		{2808E286-D0CE-75A0-94F2-22D7659B2EBA}.Debug|Any CPU.Build.0 = Debug|Any CPU
		{2808E286-D0CE-75A0-94F2-22D7659B2EBA}.Release|Any CPU.ActiveCfg = Release|Any CPU
		{2808E286-D0CE-75A0-94F2-22D7659B2EBA}.Release|Any CPU.Build.0 = Release|Any CPU
		{60DD5D33-8D08-7050-04AA-AA5710F1A4F4}.Debug|Any CPU.ActiveCfg = Debug|Any CPU
		{60DD5D33-8D08-7050-04AA-AA5710F1A4F4}.Debug|Any CPU.Build.0 = Debug|Any CPU
		{60DD5D33-8D08-7050-04AA-AA5710F1A4F4}.Release|Any CPU.ActiveCfg = Release|Any CPU
		{60DD5D33-8D08-7050-04AA-AA5710F1A4F4}.Release|Any CPU.Build.0 = Release|Any CPU
		{84DAD67F-D732-FE1F-4382-4BECBF11CB71}.Debug|Any CPU.ActiveCfg = Debug|Any CPU
		{84DAD67F-D732-FE1F-4382-4BECBF11CB71}.Debug|Any CPU.Build.0 = Debug|Any CPU
		{84DAD67F-D732-FE1F-4382-4BECBF11CB71}.Release|Any CPU.ActiveCfg = Release|Any CPU
		{84DAD67F-D732-FE1F-4382-4BECBF11CB71}.Release|Any CPU.Build.0 = Release|Any CPU
		{BED59C95-4B41-9EE0-8BAD-D7D042C15723}.Debug|Any CPU.ActiveCfg = Debug|Any CPU
		{BED59C95-4B41-9EE0-8BAD-D7D042C15723}.Debug|Any CPU.Build.0 = Debug|Any CPU
		{BED59C95-4B41-9EE0-8BAD-D7D042C15723}.Release|Any CPU.ActiveCfg = Release|Any CPU
		{BED59C95-4B41-9EE0-8BAD-D7D042C15723}.Release|Any CPU.Build.0 = Release|Any CPU
		{B249C170-653F-5B74-46CB-F0584227A227}.Debug|Any CPU.ActiveCfg = Debug|Any CPU
		{B249C170-653F-5B74-46CB-F0584227A227}.Debug|Any CPU.Build.0 = Debug|Any CPU
		{B249C170-653F-5B74-46CB-F0584227A227}.Release|Any CPU.ActiveCfg = Release|Any CPU
		{B249C170-653F-5B74-46CB-F0584227A227}.Release|Any CPU.Build.0 = Release|Any CPU
		{2B9F1BAE-D405-024D-7A4E-CEBCACEA567A}.Debug|Any CPU.ActiveCfg = Debug|Any CPU
		{2B9F1BAE-D405-024D-7A4E-CEBCACEA567A}.Debug|Any CPU.Build.0 = Debug|Any CPU
		{2B9F1BAE-D405-024D-7A4E-CEBCACEA567A}.Release|Any CPU.ActiveCfg = Release|Any CPU
		{2B9F1BAE-D405-024D-7A4E-CEBCACEA567A}.Release|Any CPU.Build.0 = Release|Any CPU
		{27A1D6AD-0247-EE96-66A9-47594CB71363}.Debug|Any CPU.ActiveCfg = Debug|Any CPU
		{27A1D6AD-0247-EE96-66A9-47594CB71363}.Debug|Any CPU.Build.0 = Debug|Any CPU
		{27A1D6AD-0247-EE96-66A9-47594CB71363}.Release|Any CPU.ActiveCfg = Release|Any CPU
		{27A1D6AD-0247-EE96-66A9-47594CB71363}.Release|Any CPU.Build.0 = Release|Any CPU
		{DC7EA6DA-10DD-D470-89CE-49A169345024}.Debug|Any CPU.ActiveCfg = Debug|Any CPU
		{DC7EA6DA-10DD-D470-89CE-49A169345024}.Debug|Any CPU.Build.0 = Debug|Any CPU
		{DC7EA6DA-10DD-D470-89CE-49A169345024}.Release|Any CPU.ActiveCfg = Release|Any CPU
		{DC7EA6DA-10DD-D470-89CE-49A169345024}.Release|Any CPU.Build.0 = Release|Any CPU
		{61CA70FC-C637-A321-2364-8C95F68749D0}.Debug|Any CPU.ActiveCfg = Debug|Any CPU
		{61CA70FC-C637-A321-2364-8C95F68749D0}.Debug|Any CPU.Build.0 = Debug|Any CPU
		{61CA70FC-C637-A321-2364-8C95F68749D0}.Release|Any CPU.ActiveCfg = Release|Any CPU
		{61CA70FC-C637-A321-2364-8C95F68749D0}.Release|Any CPU.Build.0 = Release|Any CPU
		{2CC0E113-9427-CE37-3790-001FDD0C0C1C}.Debug|Any CPU.ActiveCfg = Debug|Any CPU
		{2CC0E113-9427-CE37-3790-001FDD0C0C1C}.Debug|Any CPU.Build.0 = Debug|Any CPU
		{2CC0E113-9427-CE37-3790-001FDD0C0C1C}.Release|Any CPU.ActiveCfg = Release|Any CPU
		{2CC0E113-9427-CE37-3790-001FDD0C0C1C}.Release|Any CPU.Build.0 = Release|Any CPU
		{AA64F452-76C6-7CEA-E10E-B1AF533B93F2}.Debug|Any CPU.ActiveCfg = Debug|Any CPU
		{AA64F452-76C6-7CEA-E10E-B1AF533B93F2}.Debug|Any CPU.Build.0 = Debug|Any CPU
		{AA64F452-76C6-7CEA-E10E-B1AF533B93F2}.Release|Any CPU.ActiveCfg = Release|Any CPU
		{AA64F452-76C6-7CEA-E10E-B1AF533B93F2}.Release|Any CPU.Build.0 = Release|Any CPU
		{EB738EDA-0B6D-A274-4979-98EC6563FB67}.Debug|Any CPU.ActiveCfg = Debug|Any CPU
		{EB738EDA-0B6D-A274-4979-98EC6563FB67}.Debug|Any CPU.Build.0 = Debug|Any CPU
		{EB738EDA-0B6D-A274-4979-98EC6563FB67}.Release|Any CPU.ActiveCfg = Release|Any CPU
		{EB738EDA-0B6D-A274-4979-98EC6563FB67}.Release|Any CPU.Build.0 = Release|Any CPU
		{D375D217-A3FF-274A-EC94-285A92D57CD6}.Debug|Any CPU.ActiveCfg = Debug|Any CPU
		{D375D217-A3FF-274A-EC94-285A92D57CD6}.Debug|Any CPU.Build.0 = Debug|Any CPU
		{D375D217-A3FF-274A-EC94-285A92D57CD6}.Release|Any CPU.ActiveCfg = Release|Any CPU
		{D375D217-A3FF-274A-EC94-285A92D57CD6}.Release|Any CPU.Build.0 = Release|Any CPU
		{FE8E3A8A-85F8-7595-BD25-CB8DCEB63A06}.Debug|Any CPU.ActiveCfg = Debug|Any CPU
		{FE8E3A8A-85F8-7595-BD25-CB8DCEB63A06}.Debug|Any CPU.Build.0 = Debug|Any CPU
		{FE8E3A8A-85F8-7595-BD25-CB8DCEB63A06}.Release|Any CPU.ActiveCfg = Release|Any CPU
		{FE8E3A8A-85F8-7595-BD25-CB8DCEB63A06}.Release|Any CPU.Build.0 = Release|Any CPU
	EndGlobalSection
	GlobalSection(SolutionProperties) = preSolution
		HideSolutionNode = FALSE
	EndGlobalSection
EndGlobal
